
Microsoft Visual Studio Solution File, Format Version 12.00
# Visual Studio Version 17
VisualStudioVersion = 17.0.31903.59
MinimumVisualStudioVersion = 10.0.40219.1
Project("{FAE04EC0-301F-11D3-BF4B-00C04F79EFBC}") = "SnacksPOS.Domain", "SnacksPOS.Domain\SnacksPOS.Domain.csproj", "{68D44C38-C95D-4B36-AEB1-0011C01CFB15}"
EndProject
Project("{FAE04EC0-301F-11D3-BF4B-00C04F79EFBC}") = "SnacksPOS.Application", "SnacksPOS.Application\SnacksPOS.Application.csproj", "{AD616E0F-7039-45BD-8DF2-6FB671A0C083}"
EndProject
Project("{FAE04EC0-301F-11D3-BF4B-00C04F79EFBC}") = "SnacksPOS.Infrastructure", "SnacksPOS.Infrastructure\SnacksPOS.Infrastructure.csproj", "{0C460254-BBB9-4589-8705-9B90B0004F39}"
EndProject
Project("{FAE04EC0-301F-11D3-BF4B-00C04F79EFBC}") = "SnacksPOS.Web", "SnacksPOS.Web\SnacksPOS.Web.csproj", "{7E5EF842-55A6-4C12-8178-C35B80FBADEC}"
EndProject
Global
	GlobalSection(SolutionConfigurationPlatforms) = preSolution
		Debug|Any CPU = Debug|Any CPU
		Release|Any CPU = Release|Any CPU
	EndGlobalSection
	GlobalSection(SolutionProperties) = preSolution
		HideSolutionNode = FALSE
	EndGlobalSection
	GlobalSection(ProjectConfigurationPlatforms) = postSolution
		{68D44C38-C95D-4B36-AEB1-0011C01CFB15}.Debug|Any CPU.ActiveCfg = Debug|Any CPU
		{68D44C38-C95D-4B36-AEB1-0011C01CFB15}.Debug|Any CPU.Build.0 = Debug|Any CPU
		{68D44C38-C95D-4B36-AEB1-0011C01CFB15}.Release|Any CPU.ActiveCfg = Release|Any CPU
		{68D44C38-C95D-4B36-AEB1-0011C01CFB15}.Release|Any CPU.Build.0 = Release|Any CPU
		{AD616E0F-7039-45BD-8DF2-6FB671A0C083}.Debug|Any CPU.ActiveCfg = Debug|Any CPU
		{AD616E0F-7039-45BD-8DF2-6FB671A0C083}.Debug|Any CPU.Build.0 = Debug|Any CPU
		{AD616E0F-7039-45BD-8DF2-6FB671A0C083}.Release|Any CPU.ActiveCfg = Release|Any CPU
		{AD616E0F-7039-45BD-8DF2-6FB671A0C083}.Release|Any CPU.Build.0 = Release|Any CPU
		{0C460254-BBB9-4589-8705-9B90B0004F39}.Debug|Any CPU.ActiveCfg = Debug|Any CPU
		{0C460254-BBB9-4589-8705-9B90B0004F39}.Debug|Any CPU.Build.0 = Debug|Any CPU
		{0C460254-BBB9-4589-8705-9B90B0004F39}.Release|Any CPU.ActiveCfg = Release|Any CPU
		{0C460254-BBB9-4589-8705-9B90B0004F39}.Release|Any CPU.Build.0 = Release|Any CPU
		{7E5EF842-55A6-4C12-8178-C35B80FBADEC}.Debug|Any CPU.ActiveCfg = Debug|Any CPU
		{7E5EF842-55A6-4C12-8178-C35B80FBADEC}.Debug|Any CPU.Build.0 = Debug|Any CPU
		{7E5EF842-55A6-4C12-8178-C35B80FBADEC}.Release|Any CPU.ActiveCfg = Release|Any CPU
		{7E5EF842-55A6-4C12-8178-C35B80FBADEC}.Release|Any CPU.Build.0 = Release|Any CPU
	EndGlobalSection
EndGlobal
